# This file is autogenerated, do not edit; changes may be undone by the next 'dep ensure'.


[[projects]]
  name = "github.com/blang/semver"
  packages = ["."]
  revision = "2ee87856327ba09384cabd113bc6b5d174e9ec0f"
  version = "v3.5.1"

[[projects]]
  name = "github.com/davecgh/go-spew"
  packages = ["spew"]
  revision = "346938d642f2ec3594ed81d874461961cd0faa76"
  version = "v1.1.0"

[[projects]]
  name = "github.com/docker/distribution"
  packages = [
    "digest",
    "reference"
  ]
  revision = "48294d928ced5dd9b378f7fd7c6f5da3ff3f2c89"
  version = "v2.6.2"

[[projects]]
  name = "github.com/emicklei/go-restful"
  packages = [
    ".",
    "log",
    "swagger"
  ]
  revision = "777bb3f19bcafe2575ffb2a3e46af92509ae9594"
  version = "v1.2"

[[projects]]
  name = "github.com/ghodss/yaml"
  packages = ["."]
  revision = "0ca9ea5df5451ffdf184b4428c902747c2c11cd7"
  version = "v1.0.0"

[[projects]]
  name = "github.com/gogo/protobuf"
  packages = [
    "proto",
    "sortkeys"
  ]
  revision = "7d68e886eac4f7e34d0d82241a6273d6c304c5cf"
  version = "v1.1.0"

[[projects]]
  branch = "master"
  name = "github.com/golang/glog"
  packages = ["."]
  revision = "23def4e6c14b4da8ac2ed8007337bc5eb5007998"

[[projects]]
  branch = "master"
  name = "github.com/google/gofuzz"
  packages = ["."]
  revision = "24818f796faf91cd76ec7bddd72458fbced7a6c1"

[[projects]]
  name = "github.com/juju/ratelimit"
  packages = ["."]
  revision = "59fac5042749a5afb9af70e813da1dd5474f0167"
  version = "1.0.1"

[[projects]]
  name = "github.com/pborman/uuid"
  packages = ["."]
  revision = "e790cca94e6cc75c7064b1332e63811d4aae1a53"
  version = "v1.1"

[[projects]]
  name = "github.com/spf13/pflag"
  packages = ["."]
  revision = "583c0c0531f06d5278b7d917446061adc344b5cd"
  version = "v1.0.1"

[[projects]]
  name = "github.com/ugorji/go"
  packages = ["codec"]
  revision = "b4c50a2b199d93b13dc15e78929cfb23bfdf21ab"
  version = "v1.1.1"

[[projects]]
  branch = "master"
  name = "golang.org/x/net"
  packages = [
    "context",
    "http/httpguts",
    "http2",
    "http2/hpack",
    "idna"
  ]
  revision = "d0887baf81f4598189d4e12a37c6da86f0bba4d0"

[[projects]]
  name = "golang.org/x/text"
  packages = [
    "collate",
    "collate/build",
    "internal/colltab",
    "internal/gen",
    "internal/tag",
    "internal/triegen",
    "internal/ucd",
    "language",
    "secure/bidirule",
    "transform",
    "unicode/bidi",
    "unicode/cldr",
    "unicode/norm",
    "unicode/rangetable"
  ]
  revision = "f21a4dfb5e38f5895301dc265a8def02365cc3d0"
  version = "v0.3.0"

[[projects]]
  name = "gopkg.in/inf.v0"
  packages = ["."]
  revision = "d2d2541c53f18d2a059457998ce2876cc8e67cbf"
  version = "v0.9.1"

[[projects]]
  name = "gopkg.in/yaml.v2"
  packages = ["."]
  revision = "5420a8b6744d3b0345ab293f6fcba19c978f1183"
  version = "v2.2.1"

[[projects]]
  name = "k8s.io/kubernetes"
  packages = [
    "pkg/api",
    "pkg/api/endpoints",
    "pkg/api/errors",
    "pkg/api/install",
    "pkg/api/meta",
    "pkg/api/meta/metatypes",
    "pkg/api/pod",
    "pkg/api/resource",
    "pkg/api/service",
    "pkg/api/unversioned",
    "pkg/api/unversioned/validation",
    "pkg/api/util",
    "pkg/api/v1",
    "pkg/api/validation",
    "pkg/apimachinery",
    "pkg/apimachinery/registered",
    "pkg/apis/apps",
    "pkg/apis/authorization",
    "pkg/apis/authorization/install",
    "pkg/apis/authorization/v1beta1",
    "pkg/apis/autoscaling",
    "pkg/apis/autoscaling/install",
    "pkg/apis/autoscaling/v1",
    "pkg/apis/batch",
    "pkg/apis/batch/install",
    "pkg/apis/batch/v1",
    "pkg/apis/batch/v2alpha1",
    "pkg/apis/certificates",
    "pkg/apis/componentconfig",
    "pkg/apis/componentconfig/install",
    "pkg/apis/componentconfig/v1alpha1",
    "pkg/apis/extensions",
    "pkg/apis/extensions/install",
    "pkg/apis/extensions/v1beta1",
    "pkg/apis/policy",
    "pkg/auth/user",
    "pkg/capabilities",
    "pkg/client/cache",
    "pkg/client/clientset_generated/release_1_3",
    "pkg/client/clientset_generated/release_1_3/typed/autoscaling/v1",
    "pkg/client/clientset_generated/release_1_3/typed/batch/v1",
    "pkg/client/clientset_generated/release_1_3/typed/core/v1",
    "pkg/client/clientset_generated/release_1_3/typed/extensions/v1beta1",
    "pkg/client/metrics",
    "pkg/client/restclient",
    "pkg/client/transport",
    "pkg/client/typed/discovery",
    "pkg/client/unversioned/clientcmd/api",
    "pkg/conversion",
    "pkg/conversion/queryparams",
    "pkg/fields",
    "pkg/kubelet/qos",
    "pkg/kubelet/types",
    "pkg/labels",
    "pkg/master/ports",
    "pkg/runtime",
    "pkg/runtime/serializer",
    "pkg/runtime/serializer/json",
    "pkg/runtime/serializer/protobuf",
    "pkg/runtime/serializer/recognizer",
    "pkg/runtime/serializer/streaming",
    "pkg/runtime/serializer/versioning",
    "pkg/security/apparmor",
    "pkg/selection",
    "pkg/types",
    "pkg/util",
    "pkg/util/clock",
    "pkg/util/config",
    "pkg/util/crypto",
    "pkg/util/errors",
    "pkg/util/flowcontrol",
    "pkg/util/framer",
    "pkg/util/hash",
    "pkg/util/integer",
    "pkg/util/intstr",
    "pkg/util/json",
    "pkg/util/labels",
    "pkg/util/net",
    "pkg/util/net/sets",
    "pkg/util/parsers",
    "pkg/util/rand",
    "pkg/util/runtime",
    "pkg/util/sets",
    "pkg/util/uuid",
    "pkg/util/validation",
    "pkg/util/validation/field",
    "pkg/util/wait",
    "pkg/util/yaml",
    "pkg/version",
    "pkg/watch",
    "pkg/watch/versioned",
    "third_party/forked/golang/reflect"
  ]
  revision = "19e81afecf5eb2b7838c35e2cbf776aff04dc34c"
  version = "v1.4.12"

[solve-meta]
  analyzer-name = "dep"
  analyzer-version = 1
  inputs-digest = "fdea4f73c2dce5c20b6cc6282b100658dcc1b4fbfcce9108866a1fbf9798fdee"
  solver-name = "gps-cdcl"
  solver-version = 1
